
Microsoft Visual Studio Solution File, Format Version 12.00
# Visual Studio Version 17
VisualStudioVersion = 17.4.33122.133
MinimumVisualStudioVersion = 10.0.40219.1
Project("{9A19103F-16F7-4668-BE54-9A1E7A4F7556}") = "EshopMashtiHasan", "EshopMashtiHasan\EshopMashtiHasan.csproj", "{91AF3C23-EC0F-402A-B3F8-8BF1A58E96C0}"
EndProject
Project("{2150E333-8FDC-42A3-9474-1A3956D46DE8}") = "DomainModel", "DomainModel", "{C9CF5534-94FE-4134-9A88-8645F6BE2017}"
EndProject
Project("{9A19103F-16F7-4668-BE54-9A1E7A4F7556}") = "Shopping.DomainModel", "Shopping.DomainModel\Shopping.DomainModel.csproj", "{1CD76FBD-29AE-42CA-A7AC-9292C7D91F62}"
EndProject
Project("{9A19103F-16F7-4668-BE54-9A1E7A4F7556}") = "Shopping.Bootstrap", "Bootstrap\Shopping.Bootstrap.csproj", "{7431135F-9266-4E83-B0AC-AF11A07362BE}"
EndProject
Project("{2150E333-8FDC-42A3-9474-1A3956D46DE8}") = "Bootstrap", "Bootstrap", "{7AE118FC-8758-4D32-B80C-7397382C3257}"
EndProject
Project("{2150E333-8FDC-42A3-9474-1A3956D46DE8}") = "DataAccess", "DataAccess", "{1B866D08-156C-4055-9115-19496E5BF155}"
EndProject
Project("{9A19103F-16F7-4668-BE54-9A1E7A4F7556}") = "Shopping.DataAcceServiesContract", "DataAcceServiesContract\Shopping.DataAcceServiesContract.csproj", "{28EFF342-2B1B-4D97-A95E-47BAC122AAB2}"
EndProject
Project("{9A19103F-16F7-4668-BE54-9A1E7A4F7556}") = "Shopping.DataAccess", "DataAccess\Shopping.DataAccess.csproj", "{8FCC2C62-1F4E-4701-9037-63DC9B9EF3F1}"
EndProject
Project("{2150E333-8FDC-42A3-9474-1A3956D46DE8}") = "Bussiness", "Bussiness", "{000899CF-B7F5-42C2-9C9A-895324E5BD1F}"
EndProject
Project("{9A19103F-16F7-4668-BE54-9A1E7A4F7556}") = "Shopping.BussinessServiceContract", "BussinessServiceContract\Shopping.BussinessServiceContract.csproj", "{CC549DA5-AB51-466F-9F2B-28E795B23906}"
EndProject
Project("{9A19103F-16F7-4668-BE54-9A1E7A4F7556}") = "shopping.Buessiness", "shopping.Buessiness\shopping.Buessiness.csproj", "{4A0C7B36-7B19-4F46-9707-EDC3AEA89196}"
EndProject
Project("{9A19103F-16F7-4668-BE54-9A1E7A4F7556}") = "Security.Domain", "Security.Domain\Security.Domain.csproj", "{7B3E8D54-4850-46B0-9DE2-29901B6B4120}"
EndProject
Project("{9A19103F-16F7-4668-BE54-9A1E7A4F7556}") = "Security.Bootstrap", "Security.Bootstrap\Security.Bootstrap.csproj", "{9DA32498-3E11-44DE-A4CB-58E952C590FF}"
EndProject
Project("{9A19103F-16F7-4668-BE54-9A1E7A4F7556}") = "Security.DataAcceServiesContract", "Security.DataAcceServiesContract\Security.DataAcceServiesContract.csproj", "{84580277-07BE-4D88-93AC-4A86A9F11362}"
EndProject
Project("{9A19103F-16F7-4668-BE54-9A1E7A4F7556}") = "Security.DataAccess", "Security.DataAccess\Security.DataAccess.csproj", "{F6A04190-B407-4BE6-BE55-6A94F3387864}"
EndProject
Project("{9A19103F-16F7-4668-BE54-9A1E7A4F7556}") = "Security.BussinessServiceContract", "Security.BussinessServiceContract\Security.BussinessServiceContract.csproj", "{3CD79716-2290-4B9E-80B3-F5DCF4EC4BC2}"
EndProject
Project("{9A19103F-16F7-4668-BE54-9A1E7A4F7556}") = "Security.Buessiness", "Security.Buessiness\Security.Buessiness.csproj", "{CB33D228-8966-4AC9-A429-706770F19E60}"
EndProject
Project("{2150E333-8FDC-42A3-9474-1A3956D46DE8}") = "Framework", "Framework", "{87B488DA-33EB-4583-9E9A-FC188E92EAF4}"
EndProject
Project("{FAE04EC0-301F-11D3-BF4B-00C04F79EFBC}") = "Framework", "Framework\Framework.csproj", "{C0209FAB-5077-4AD4-A388-66C732B79247}"
EndProject
Project("{FAE04EC0-301F-11D3-BF4B-00C04F79EFBC}") = "Security.Framework", "Security.Framework\Security.Framework.csproj", "{40A71E3B-4E00-43EA-A45A-3D542D223446}"
EndProject
Global
	GlobalSection(SolutionConfigurationPlatforms) = preSolution
		Debug|Any CPU = Debug|Any CPU
		Release|Any CPU = Release|Any CPU
	EndGlobalSection
	GlobalSection(ProjectConfigurationPlatforms) = postSolution
		{91AF3C23-EC0F-402A-B3F8-8BF1A58E96C0}.Debug|Any CPU.ActiveCfg = Debug|Any CPU
		{91AF3C23-EC0F-402A-B3F8-8BF1A58E96C0}.Debug|Any CPU.Build.0 = Debug|Any CPU
		{91AF3C23-EC0F-402A-B3F8-8BF1A58E96C0}.Release|Any CPU.ActiveCfg = Release|Any CPU
		{91AF3C23-EC0F-402A-B3F8-8BF1A58E96C0}.Release|Any CPU.Build.0 = Release|Any CPU
		{1CD76FBD-29AE-42CA-A7AC-9292C7D91F62}.Debug|Any CPU.ActiveCfg = Debug|Any CPU
		{1CD76FBD-29AE-42CA-A7AC-9292C7D91F62}.Debug|Any CPU.Build.0 = Debug|Any CPU
		{1CD76FBD-29AE-42CA-A7AC-9292C7D91F62}.Release|Any CPU.ActiveCfg = Release|Any CPU
		{1CD76FBD-29AE-42CA-A7AC-9292C7D91F62}.Release|Any CPU.Build.0 = Release|Any CPU
		{7431135F-9266-4E83-B0AC-AF11A07362BE}.Debug|Any CPU.ActiveCfg = Debug|Any CPU
		{7431135F-9266-4E83-B0AC-AF11A07362BE}.Debug|Any CPU.Build.0 = Debug|Any CPU
		{7431135F-9266-4E83-B0AC-AF11A07362BE}.Release|Any CPU.ActiveCfg = Release|Any CPU
		{7431135F-9266-4E83-B0AC-AF11A07362BE}.Release|Any CPU.Build.0 = Release|Any CPU
		{28EFF342-2B1B-4D97-A95E-47BAC122AAB2}.Debug|Any CPU.ActiveCfg = Debug|Any CPU
		{28EFF342-2B1B-4D97-A95E-47BAC122AAB2}.Debug|Any CPU.Build.0 = Debug|Any CPU
		{28EFF342-2B1B-4D97-A95E-47BAC122AAB2}.Release|Any CPU.ActiveCfg = Release|Any CPU
		{28EFF342-2B1B-4D97-A95E-47BAC122AAB2}.Release|Any CPU.Build.0 = Release|Any CPU
		{8FCC2C62-1F4E-4701-9037-63DC9B9EF3F1}.Debug|Any CPU.ActiveCfg = Debug|Any CPU
		{8FCC2C62-1F4E-4701-9037-63DC9B9EF3F1}.Debug|Any CPU.Build.0 = Debug|Any CPU
		{8FCC2C62-1F4E-4701-9037-63DC9B9EF3F1}.Release|Any CPU.ActiveCfg = Release|Any CPU
		{8FCC2C62-1F4E-4701-9037-63DC9B9EF3F1}.Release|Any CPU.Build.0 = Release|Any CPU
		{CC549DA5-AB51-466F-9F2B-28E795B23906}.Debug|Any CPU.ActiveCfg = Debug|Any CPU
		{CC549DA5-AB51-466F-9F2B-28E795B23906}.Debug|Any CPU.Build.0 = Debug|Any CPU
		{CC549DA5-AB51-466F-9F2B-28E795B23906}.Release|Any CPU.ActiveCfg = Release|Any CPU
		{CC549DA5-AB51-466F-9F2B-28E795B23906}.Release|Any CPU.Build.0 = Release|Any CPU
		{4A0C7B36-7B19-4F46-9707-EDC3AEA89196}.Debug|Any CPU.ActiveCfg = Debug|Any CPU
		{4A0C7B36-7B19-4F46-9707-EDC3AEA89196}.Debug|Any CPU.Build.0 = Debug|Any CPU
		{4A0C7B36-7B19-4F46-9707-EDC3AEA89196}.Release|Any CPU.ActiveCfg = Release|Any CPU
		{4A0C7B36-7B19-4F46-9707-EDC3AEA89196}.Release|Any CPU.Build.0 = Release|Any CPU
		{7B3E8D54-4850-46B0-9DE2-29901B6B4120}.Debug|Any CPU.ActiveCfg = Debug|Any CPU
		{7B3E8D54-4850-46B0-9DE2-29901B6B4120}.Debug|Any CPU.Build.0 = Debug|Any CPU
		{7B3E8D54-4850-46B0-9DE2-29901B6B4120}.Release|Any CPU.ActiveCfg = Release|Any CPU
		{7B3E8D54-4850-46B0-9DE2-29901B6B4120}.Release|Any CPU.Build.0 = Release|Any CPU
		{9DA32498-3E11-44DE-A4CB-58E952C590FF}.Debug|Any CPU.ActiveCfg = Debug|Any CPU
		{9DA32498-3E11-44DE-A4CB-58E952C590FF}.Debug|Any CPU.Build.0 = Debug|Any CPU
		{9DA32498-3E11-44DE-A4CB-58E952C590FF}.Release|Any CPU.ActiveCfg = Release|Any CPU
		{9DA32498-3E11-44DE-A4CB-58E952C590FF}.Release|Any CPU.Build.0 = Release|Any CPU
		{84580277-07BE-4D88-93AC-4A86A9F11362}.Debug|Any CPU.ActiveCfg = Debug|Any CPU
		{84580277-07BE-4D88-93AC-4A86A9F11362}.Debug|Any CPU.Build.0 = Debug|Any CPU
		{84580277-07BE-4D88-93AC-4A86A9F11362}.Release|Any CPU.ActiveCfg = Release|Any CPU
		{84580277-07BE-4D88-93AC-4A86A9F11362}.Release|Any CPU.Build.0 = Release|Any CPU
		{F6A04190-B407-4BE6-BE55-6A94F3387864}.Debug|Any CPU.ActiveCfg = Debug|Any CPU
		{F6A04190-B407-4BE6-BE55-6A94F3387864}.Debug|Any CPU.Build.0 = Debug|Any CPU
		{F6A04190-B407-4BE6-BE55-6A94F3387864}.Release|Any CPU.ActiveCfg = Release|Any CPU
		{F6A04190-B407-4BE6-BE55-6A94F3387864}.Release|Any CPU.Build.0 = Release|Any CPU
		{3CD79716-2290-4B9E-80B3-F5DCF4EC4BC2}.Debug|Any CPU.ActiveCfg = Debug|Any CPU
		{3CD79716-2290-4B9E-80B3-F5DCF4EC4BC2}.Debug|Any CPU.Build.0 = Debug|Any CPU
		{3CD79716-2290-4B9E-80B3-F5DCF4EC4BC2}.Release|Any CPU.ActiveCfg = Release|Any CPU
		{3CD79716-2290-4B9E-80B3-F5DCF4EC4BC2}.Release|Any CPU.Build.0 = Release|Any CPU
		{CB33D228-8966-4AC9-A429-706770F19E60}.Debug|Any CPU.ActiveCfg = Debug|Any CPU
		{CB33D228-8966-4AC9-A429-706770F19E60}.Debug|Any CPU.Build.0 = Debug|Any CPU
		{CB33D228-8966-4AC9-A429-706770F19E60}.Release|Any CPU.ActiveCfg = Release|Any CPU
		{CB33D228-8966-4AC9-A429-706770F19E60}.Release|Any CPU.Build.0 = Release|Any CPU
		{C0209FAB-5077-4AD4-A388-66C732B79247}.Debug|Any CPU.ActiveCfg = Debug|Any CPU
		{C0209FAB-5077-4AD4-A388-66C732B79247}.Debug|Any CPU.Build.0 = Debug|Any CPU
		{C0209FAB-5077-4AD4-A388-66C732B79247}.Release|Any CPU.ActiveCfg = Release|Any CPU
		{C0209FAB-5077-4AD4-A388-66C732B79247}.Release|Any CPU.Build.0 = Release|Any CPU
		{40A71E3B-4E00-43EA-A45A-3D542D223446}.Debug|Any CPU.ActiveCfg = Debug|Any CPU
		{40A71E3B-4E00-43EA-A45A-3D542D223446}.Debug|Any CPU.Build.0 = Debug|Any CPU
		{40A71E3B-4E00-43EA-A45A-3D542D223446}.Release|Any CPU.ActiveCfg = Release|Any CPU
		{40A71E3B-4E00-43EA-A45A-3D542D223446}.Release|Any CPU.Build.0 = Release|Any CPU
	EndGlobalSection
	GlobalSection(SolutionProperties) = preSolution
		HideSolutionNode = FALSE
	EndGlobalSection
	GlobalSection(NestedProjects) = preSolution
		{1CD76FBD-29AE-42CA-A7AC-9292C7D91F62} = {C9CF5534-94FE-4134-9A88-8645F6BE2017}
		{7431135F-9266-4E83-B0AC-AF11A07362BE} = {7AE118FC-8758-4D32-B80C-7397382C3257}
		{28EFF342-2B1B-4D97-A95E-47BAC122AAB2} = {1B866D08-156C-4055-9115-19496E5BF155}
		{8FCC2C62-1F4E-4701-9037-63DC9B9EF3F1} = {1B866D08-156C-4055-9115-19496E5BF155}
		{CC549DA5-AB51-466F-9F2B-28E795B23906} = {000899CF-B7F5-42C2-9C9A-895324E5BD1F}
		{4A0C7B36-7B19-4F46-9707-EDC3AEA89196} = {000899CF-B7F5-42C2-9C9A-895324E5BD1F}
		{7B3E8D54-4850-46B0-9DE2-29901B6B4120} = {C9CF5534-94FE-4134-9A88-8645F6BE2017}
		{9DA32498-3E11-44DE-A4CB-58E952C590FF} = {7AE118FC-8758-4D32-B80C-7397382C3257}
		{84580277-07BE-4D88-93AC-4A86A9F11362} = {1B866D08-156C-4055-9115-19496E5BF155}
		{F6A04190-B407-4BE6-BE55-6A94F3387864} = {1B866D08-156C-4055-9115-19496E5BF155}
		{3CD79716-2290-4B9E-80B3-F5DCF4EC4BC2} = {000899CF-B7F5-42C2-9C9A-895324E5BD1F}
		{CB33D228-8966-4AC9-A429-706770F19E60} = {000899CF-B7F5-42C2-9C9A-895324E5BD1F}
		{C0209FAB-5077-4AD4-A388-66C732B79247} = {87B488DA-33EB-4583-9E9A-FC188E92EAF4}
		{40A71E3B-4E00-43EA-A45A-3D542D223446} = {87B488DA-33EB-4583-9E9A-FC188E92EAF4}
	EndGlobalSection
	GlobalSection(ExtensibilityGlobals) = postSolution
		SolutionGuid = {0BECFB90-FF34-4F6F-8D1D-26EDD21F33C4}
	EndGlobalSection
EndGlobal
